// !$*UTF8*$!
{
	archiveVersion = 1;
	classes = {
	};
	objectVersion = 50;
	objects = {

/* Begin PBXBuildFile section */
		43CB69572669FED50013EA2B /* ColorMatchingUIKitApp.swift in Sources */ = {isa = PBXBuildFile; fileRef = 43CB69562669FED50013EA2B /* ColorMatchingUIKitApp.swift */; };
		43CB69592669FED50013EA2B /* ContentView.swift in Sources */ = {isa = PBXBuildFile; fileRef = 43CB69582669FED50013EA2B /* ContentView.swift */; };
		43CB695B2669FED60013EA2B /* Assets.xcassets in Resources */ = {isa = PBXBuildFile; fileRef = 43CB695A2669FED60013EA2B /* Assets.xcassets */; };
		43CB695E2669FED60013EA2B /* Preview Assets.xcassets in Resources */ = {isa = PBXBuildFile; fileRef = 43CB695D2669FED60013EA2B /* Preview Assets.xcassets */; };
		43CB69662669FF910013EA2B /* ColorView.swift in Sources */ = {isa = PBXBuildFile; fileRef = 43CB69652669FF910013EA2B /* ColorView.swift */; };
/* End PBXBuildFile section */

/* Begin PBXFileReference section */
		43CB69532669FED50013EA2B /* СolorMatchingUIKit.app */ = {isa = PBXFileReference; explicitFileType = wrapper.application; includeInIndex = 0; path = "СolorMatchingUIKit.app"; sourceTree = BUILT_PRODUCTS_DIR; };
		43CB69562669FED50013EA2B /* ColorMatchingUIKitApp.swift */ = {isa = PBXFileReference; lastKnownFileType = sourcecode.swift; path = ColorMatchingUIKitApp.swift; sourceTree = "<group>"; };
		43CB69582669FED50013EA2B /* ContentView.swift */ = {isa = PBXFileReference; lastKnownFileType = sourcecode.swift; path = ContentView.swift; sourceTree = "<group>"; };
		43CB695A2669FED60013EA2B /* Assets.xcassets */ = {isa = PBXFileReference; lastKnownFileType = folder.assetcatalog; path = Assets.xcassets; sourceTree = "<group>"; };
		43CB695D2669FED60013EA2B /* Preview Assets.xcassets */ = {isa = PBXFileReference; lastKnownFileType = folder.assetcatalog; path = "Preview Assets.xcassets"; sourceTree = "<group>"; };
		43CB695F2669FED60013EA2B /* Info.plist */ = {isa = PBXFileReference; lastKnownFileType = text.plist.xml; path = Info.plist; sourceTree = "<group>"; };
		43CB69652669FF910013EA2B /* ColorView.swift */ = {isa = PBXFileReference; lastKnownFileType = sourcecode.swift; path = ColorView.swift; sourceTree = "<group>"; };
/* End PBXFileReference section */

/* Begin PBXFrameworksBuildPhase section */
		43CB69502669FED50013EA2B /* Frameworks */ = {
			isa = PBXFrameworksBuildPhase;
			buildActionMask = 2147483647;
			files = (
			);
			runOnlyForDeploymentPostprocessing = 0;
		};
/* End PBXFrameworksBuildPhase section */

/* Begin PBXGroup section */
		43CB694A2669FED50013EA2B = {
			isa = PBXGroup;
			children = (
				43CB69552669FED50013EA2B /* СolorMatchingUIKit */,
				43CB69542669FED50013EA2B /* Products */,
			);
			sourceTree = "<group>";
		};
		43CB69542669FED50013EA2B /* Products */ = {
			isa = PBXGroup;
			children = (
				43CB69532669FED50013EA2B /* СolorMatchingUIKit.app */,
			);
			name = Products;
			sourceTree = "<group>";
		};
		43CB69552669FED50013EA2B /* СolorMatchingUIKit */ = {
			isa = PBXGroup;
			children = (
				43CB69562669FED50013EA2B /* ColorMatchingUIKitApp.swift */,
				43CB69582669FED50013EA2B /* ContentView.swift */,
				43CB69652669FF910013EA2B /* ColorView.swift */,
				43CB695A2669FED60013EA2B /* Assets.xcassets */,
				43CB695F2669FED60013EA2B /* Info.plist */,
				43CB695C2669FED60013EA2B /* Preview Content */,
			);
			path = "СolorMatchingUIKit";
			sourceTree = "<group>";
		};
		43CB695C2669FED60013EA2B /* Preview Content */ = {
			isa = PBXGroup;
			children = (
				43CB695D2669FED60013EA2B /* Preview Assets.xcassets */,
			);
			path = "Preview Content";
			sourceTree = "<group>";
		};
/* End PBXGroup section */

/* Begin PBXNativeTarget section */
		43CB69522669FED50013EA2B /* СolorMatchingUIKit */ = {
			isa = PBXNativeTarget;
			buildConfigurationList = 43CB69622669FED60013EA2B /* Build configuration list for PBXNativeTarget "СolorMatchingUIKit" */;
			buildPhases = (
				43CB694F2669FED50013EA2B /* Sources */,
				43CB69502669FED50013EA2B /* Frameworks */,
				43CB69512669FED50013EA2B /* Resources */,
			);
			buildRules = (
			);
			dependencies = (
			);
			name = "СolorMatchingUIKit";
			productName = "СolorMatchingUIKit";
			productReference = 43CB69532669FED50013EA2B /* СolorMatchingUIKit.app */;
			productType = "com.apple.product-type.application";
		};
/* End PBXNativeTarget section */

/* Begin PBXProject section */
		43CB694B2669FED50013EA2B /* Project object */ = {
			isa = PBXProject;
			attributes = {
				LastSwiftUpdateCheck = 1250;
				LastUpgradeCheck = 1250;
				TargetAttributes = {
					43CB69522669FED50013EA2B = {
						CreatedOnToolsVersion = 12.5;
					};
				};
			};
			buildConfigurationList = 43CB694E2669FED50013EA2B /* Build configuration list for PBXProject "СolorMatchingUIKit" */;
			compatibilityVersion = "Xcode 9.3";
			developmentRegion = en;
			hasScannedForEncodings = 0;
			knownRegions = (
				en,
				Base,
			);
			mainGroup = 43CB694A2669FED50013EA2B;
			productRefGroup = 43CB69542669FED50013EA2B /* Products */;
			projectDirPath = "";
			projectRoot = "";
			targets = (
				43CB69522669FED50013EA2B /* СolorMatchingUIKit */,
			);
		};
/* End PBXProject section */

/* Begin PBXResourcesBuildPhase section */
		43CB69512669FED50013EA2B /* Resources */ = {
			isa = PBXResourcesBuildPhase;
			buildActionMask = 2147483647;
			files = (
				43CB695E2669FED60013EA2B /* Preview Assets.xcassets in Resources */,
				43CB695B2669FED60013EA2B /* Assets.xcassets in Resources */,
			);
			runOnlyForDeploymentPostprocessing = 0;
		};
/* End PBXResourcesBuildPhase section */

/* Begin PBXSourcesBuildPhase section */
		43CB694F2669FED50013EA2B /* Sources */ = {
			isa = PBXSourcesBuildPhase;
			buildActionMask = 2147483647;
			files = (
				43CB69662669FF910013EA2B /* ColorView.swift in Sources */,
				43CB69592669FED50013EA2B /* ContentView.swift in Sources */,
				43CB69572669FED50013EA2B /* ColorMatchingUIKitApp.swift in Sources */,
			);
			runOnlyForDeploymentPostprocessing = 0;
		};
/* End PBXSourcesBuildPhase section */

/* Begin XCBuildConfiguration section */
		43CB69602669FED60013EA2B /* Debug */ = {
			isa = XCBuildConfiguration;
			buildSettings = {
				ALWAYS_SEARCH_USER_PATHS = NO;
				CLANG_ANALYZER_NONNULL = YES;
				CLANG_ANALYZER_NUMBER_OBJECT_CONVERSION = YES_AGGRESSIVE;
				CLANG_CXX_LANGUAGE_STANDARD = "gnu++14";
				CLANG_CXX_LIBRARY = "libc++";
				CLANG_ENABLE_MODULES = YES;
				CLANG_ENABLE_OBJC_ARC = YES;
				CLANG_ENABLE_OBJC_WEAK = YES;
				CLANG_WARN_BLOCK_CAPTURE_AUTORELEASING = YES;
				CLANG_WARN_BOOL_CONVERSION = YES;
				CLANG_WARN_COMMA = YES;
				CLANG_WARN_CONSTANT_CONVERSION = YES;
				CLANG_WARN_DEPRECATED_OBJC_IMPLEMENTATIONS = YES;
				CLANG_WARN_DIRECT_OBJC_ISA_USAGE = YES_ERROR;
				CLANG_WARN_DOCUMENTATION_COMMENTS = YES;
				CLANG_WARN_EMPTY_BODY = YES;
				CLANG_WARN_ENUM_CONVERSION = YES;
				CLANG_WARN_INFINITE_RECURSION = YES;
				CLANG_WARN_INT_CONVERSION = YES;
				CLANG_WARN_NON_LITERAL_NULL_CONVERSION = YES;
				CLANG_WARN_OBJC_IMPLICIT_RETAIN_SELF = YES;
				CLANG_WARN_OBJC_LITERAL_CONVERSION = YES;
				CLANG_WARN_OBJC_ROOT_CLASS = YES_ERROR;
				CLANG_WARN_QUOTED_INCLUDE_IN_FRAMEWORK_HEADER = YES;
				CLANG_WARN_RANGE_LOOP_ANALYSIS = YES;
				CLANG_WARN_STRICT_PROTOTYPES = YES;
				CLANG_WARN_SUSPICIOUS_MOVE = YES;
				CLANG_WARN_UNGUARDED_AVAILABILITY = YES_AGGRESSIVE;
				CLANG_WARN_UNREACHABLE_CODE = YES;
				CLANG_WARN__DUPLICATE_METHOD_MATCH = YES;
				COPY_PHASE_STRIP = NO;
				DEBUG_INFORMATION_FORMAT = dwarf;
				ENABLE_STRICT_OBJC_MSGSEND = YES;
				ENABLE_TESTABILITY = YES;
				GCC_C_LANGUAGE_STANDARD = gnu11;
				GCC_DYNAMIC_NO_PIC = NO;
				GCC_NO_COMMON_BLOCKS = YES;
				GCC_OPTIMIZATION_LEVEL = 0;
				GCC_PREPROCESSOR_DEFINITIONS = (
					"DEBUG=1",
					"$(inherited)",
				);
				GCC_WARN_64_TO_32_BIT_CONVERSION = YES;
				GCC_WARN_ABOUT_RETURN_TYPE = YES_ERROR;
				GCC_WARN_UNDECLARED_SELECTOR = YES;
				GCC_WARN_UNINITIALIZED_AUTOS = YES_AGGRESSIVE;
				GCC_WARN_UNUSED_FUNCTION = YES;
				GCC_WARN_UNUSED_VARIABLE = YES;
				IPHONEOS_DEPLOYMENT_TARGET = 14.5;
				MTL_ENABLE_DEBUG_INFO = INCLUDE_SOURCE;
				MTL_FAST_MATH = YES;
				ONLY_ACTIVE_ARCH = YES;
				SDKROOT = iphoneos;
				SWIFT_ACTIVE_COMPILATION_CONDITIONS = DEBUG;
				SWIFT_OPTIMIZATION_LEVEL = "-Onone";
			};
			name = Debug;
		};
		43CB69612669FED60013EA2B /* Release */ = {
			isa = XCBuildConfiguration;
			buildSettings = {
				ALWAYS_SEARCH_USER_PATHS = NO;
				CLANG_ANALYZER_NONNULL = YES;
				CLANG_ANALYZER_NUMBER_OBJECT_CONVERSION = YES_AGGRESSIVE;
				CLANG_CXX_LANGUAGE_STANDARD = "gnu++14";
				CLANG_CXX_LIBRARY = "libc++";
				CLANG_ENABLE_MODULES = YES;
				CLANG_ENABLE_OBJC_ARC = YES;
				CLANG_ENABLE_OBJC_WEAK = YES;
				CLANG_WARN_BLOCK_CAPTURE_AUTORELEASING = YES;
				CLANG_WARN_BOOL_CONVERSION = YES;
				CLANG_WARN_COMMA = YES;
				CLANG_WARN_CONSTANT_CONVERSION = YES;
				CLANG_WARN_DEPRECATED_OBJC_IMPLEMENTATIONS = YES;
				CLANG_WARN_DIRECT_OBJC_ISA_USAGE = YES_ERROR;
				CLANG_WARN_DOCUMENTATION_COMMENTS = YES;
				CLANG_WARN_EMPTY_BODY = YES;
				CLANG_WARN_ENUM_CONVERSION = YES;
				CLANG_WARN_INFINITE_RECURSION = YES;
				CLANG_WARN_INT_CONVERSION = YES;
				CLANG_WARN_NON_LITERAL_NULL_CONVERSION = YES;
				CLANG_WARN_OBJC_IMPLICIT_RETAIN_SELF = YES;
				CLANG_WARN_OBJC_LITERAL_CONVERSION = YES;
				CLANG_WARN_OBJC_ROOT_CLASS = YES_ERROR;
				CLANG_WARN_QUOTED_INCLUDE_IN_FRAMEWORK_HEADER = YES;
				CLANG_WARN_RANGE_LOOP_ANALYSIS = YES;
				CLANG_WARN_STRICT_PROTOTYPES = YES;
				CLANG_WARN_SUSPICIOUS_MOVE = YES;
				CLANG_WARN_UNGUARDED_AVAILABILITY = YES_AGGRESSIVE;
				CLANG_WARN_UNREACHABLE_CODE = YES;
				CLANG_WARN__DUPLICATE_METHOD_MATCH = YES;
				COPY_PHASE_STRIP = NO;
				DEBUG_INFORMATION_FORMAT = "dwarf-with-dsym";
				ENABLE_NS_ASSERTIONS = NO;
				ENABLE_STRICT_OBJC_MSGSEND = YES;
				GCC_C_LANGUAGE_STANDARD = gnu11;
				GCC_NO_COMMON_BLOCKS = YES;
				GCC_WARN_64_TO_32_BIT_CONVERSION = YES;
				GCC_WARN_ABOUT_RETURN_TYPE = YES_ERROR;
				GCC_WARN_UNDECLARED_SELECTOR = YES;
				GCC_WARN_UNINITIALIZED_AUTOS = YES_AGGRESSIVE;
				GCC_WARN_UNUSED_FUNCTION = YES;
				GCC_WARN_UNUSED_VARIABLE = YES;
				IPHONEOS_DEPLOYMENT_TARGET = 14.5;
				MTL_ENABLE_DEBUG_INFO = NO;
				MTL_FAST_MATH = YES;
				SDKROOT = iphoneos;
				SWIFT_COMPILATION_MODE = wholemodule;
				SWIFT_OPTIMIZATION_LEVEL = "-O";
				VALIDATE_PRODUCT = YES;
			};
			name = Release;
		};
		43CB69632669FED60013EA2B /* Debug */ = {
			isa = XCBuildConfiguration;
			buildSettings = {
				ASSETCATALOG_COMPILER_APPICON_NAME = AppIcon;
				ASSETCATALOG_COMPILER_GLOBAL_ACCENT_COLOR_NAME = AccentColor;
				CODE_SIGN_STYLE = Automatic;
				DEVELOPMENT_ASSET_PATHS = "\"СolorMatchingUIKit/Preview Content\"";
				DEVELOPMENT_TEAM = X7L83V7V4P;
				ENABLE_PREVIEWS = YES;
				INFOPLIST_FILE = "СolorMatchingUIKit/Info.plist";
				IPHONEOS_DEPLOYMENT_TARGET = 14.0;
				LD_RUNPATH_SEARCH_PATHS = (
					"$(inherited)",
					"@executable_path/Frameworks",
				);
				PRODUCT_BUNDLE_IDENTIFIER = "Sergeytsev.-olorMatchingUIKit";
				PRODUCT_NAME = "$(TARGET_NAME)";
				SWIFT_VERSION = 5.0;
				TARGETED_DEVICE_FAMILY = "1,2";
			};
			name = Debug;
		};
		43CB69642669FED60013EA2B /* Release */ = {
			isa = XCBuildConfiguration;
			buildSettings = {
				ASSETCATALOG_COMPILER_APPICON_NAME = AppIcon;
				ASSETCATALOG_COMPILER_GLOBAL_ACCENT_COLOR_NAME = AccentColor;
				CODE_SIGN_STYLE = Automatic;
				DEVELOPMENT_ASSET_PATHS = "\"СolorMatchingUIKit/Preview Content\"";
				DEVELOPMENT_TEAM = X7L83V7V4P;
				ENABLE_PREVIEWS = YES;
				INFOPLIST_FILE = "СolorMatchingUIKit/Info.plist";
				IPHONEOS_DEPLOYMENT_TARGET = 14.0;
				LD_RUNPATH_SEARCH_PATHS = (
					"$(inherited)",
					"@executable_path/Frameworks",
				);
				PRODUCT_BUNDLE_IDENTIFIER = "Sergeytsev.-olorMatchingUIKit";
				PRODUCT_NAME = "$(TARGET_NAME)";
				SWIFT_VERSION = 5.0;
				TARGETED_DEVICE_FAMILY = "1,2";
			};
			name = Release;
		};
/* End XCBuildConfiguration section */

/* Begin XCConfigurationList section */
		43CB694E2669FED50013EA2B /* Build configuration list for PBXProject "СolorMatchingUIKit" */ = {
			isa = XCConfigurationList;
			buildConfigurations = (
				43CB69602669FED60013EA2B /* Debug */,
				43CB69612669FED60013EA2B /* Release */,
			);
			defaultConfigurationIsVisible = 0;
			defaultConfigurationName = Release;
		};
		43CB69622669FED60013EA2B /* Build configuration list for PBXNativeTarget "СolorMatchingUIKit" */ = {
			isa = XCConfigurationList;
			buildConfigurations = (
				43CB69632669FED60013EA2B /* Debug */,
				43CB69642669FED60013EA2B /* Release */,
			);
			defaultConfigurationIsVisible = 0;
			defaultConfigurationName = Release;
		};
/* End XCConfigurationList section */
	};
	rootObject = 43CB694B2669FED50013EA2B /* Project object */;
}
